Microsoft Visual Studio Solution File, Format Version 12.00
# Visual Studio Version 17
VisualStudioVersion = 17.0.31903.59
MinimumVisualStudioVersion = 10.0.40219.1
Project("{2150E333-8FDC-42A3-9474-1A3956D46DE8}") = "src", "src", "{65C5BDA2-2706-41A8-B4FA-98166F10DEBC}"
EndProject
Project("{FAE04EC0-301F-11D3-BF4B-00C04F79EFBC}") = "KerbalSlingshot.Core", "src\KerbalSlingshot.Core\KerbalSlingshot.Core.csproj", "{69D31862-835F-4548-B20A-9CD6536053F6}"
EndProject
Project("{FAE04EC0-301F-11D3-BF4B-00C04F79EFBC}") = "KerbalSlingshot.KSP", "src\KerbalSlingshot.KSP\KerbalSlingshot.KSP.csproj", "{5DDEA39F-5273-45E2-A698-BBAB3EE0866F}"
EndProject
Project("{2150E333-8FDC-42A3-9474-1A3956D46DE8}") = "tests", "tests", "{BE5A60B9-D5D9-40B7-9A66-26B384B28C10}"
EndProject
Project("{FAE04EC0-301F-11D3-BF4B-00C04F79EFBC}") = "KerbalSlingshot.Harness", "tests\KerbalSlingshot.Harness\KerbalSlingshot.Harness.csproj", "{67AB6EA9-9C5C-4EC3-8B39-83A13CCD077D}"
EndProject
Global
	GlobalSection(SolutionConfigurationPlatforms) = preSolution
		Debug|Any CPU = Debug|Any CPU
		Release|Any CPU = Release|Any CPU
	EndGlobalSection
	GlobalSection(SolutionProperties) = preSolution
		HideSolutionNode = FALSE
	EndGlobalSection
	GlobalSection(ProjectConfigurationPlatforms) = postSolution
		{69D31862-835F-4548-B20A-9CD6536053F6}.Debug|Any CPU.ActiveCfg = Debug|Any CPU
		{69D31862-835F-4548-B20A-9CD6536053F6}.Debug|Any CPU.Build.0 = Debug|Any CPU
		{69D31862-835F-4548-B20A-9CD6536053F6}.Release|Any CPU.ActiveCfg = Release|Any CPU
		{69D31862-835F-4548-B20A-9CD6536053F6}.Release|Any CPU.Build.0 = Release|Any CPU
		{5DDEA39F-5273-45E2-A698-BBAB3EE0866F}.Debug|Any CPU.ActiveCfg = Debug|Any CPU
		{5DDEA39F-5273-45E2-A698-BBAB3EE0866F}.Debug|Any CPU.Build.0 = Debug|Any CPU
		{5DDEA39F-5273-45E2-A698-BBAB3EE0866F}.Release|Any CPU.ActiveCfg = Release|Any CPU
		{5DDEA39F-5273-45E2-A698-BBAB3EE0866F}.Release|Any CPU.Build.0 = Release|Any CPU
		{67AB6EA9-9C5C-4EC3-8B39-83A13CCD077D}.Debug|Any CPU.ActiveCfg = Debug|Any CPU
		{67AB6EA9-9C5C-4EC3-8B39-83A13CCD077D}.Debug|Any CPU.Build.0 = Debug|Any CPU
		{67AB6EA9-9C5C-4EC3-8B39-83A13CCD077D}.Release|Any CPU.ActiveCfg = Release|Any CPU
		{67AB6EA9-9C5C-4EC3-8B39-83A13CCD077D}.Release|Any CPU.Build.0 = Release|Any CPU
	EndGlobalSection
	GlobalSection(NestedProjects) = preSolution
		{69D31862-835F-4548-B20A-9CD6536053F6} = {65C5BDA2-2706-41A8-B4FA-98166F10DEBC}
		{5DDEA39F-5273-45E2-A698-BBAB3EE0866F} = {65C5BDA2-2706-41A8-B4FA-98166F10DEBC}
		{67AB6EA9-9C5C-4EC3-8B39-83A13CCD077D} = {BE5A60B9-D5D9-40B7-9A66-26B384B28C10}
	EndGlobalSection
EndGlobal
